
Microsoft Visual Studio Solution File, Format Version 12.00
Project("{FAE04EC0-301F-11D3-BF4B-00C04F79EFBC}") = "18thTask", "18thTask\18thTask.csproj", "{43B1386C-9DF5-4168-94B9-F996C683EEC4}"
EndProject
Project("{FAE04EC0-301F-11D3-BF4B-00C04F79EFBC}") = "Utils", "Utils\Utils.csproj", "{1D2CF4DE-B890-4CCC-BC58-5816784A372C}"
EndProject
Global
	GlobalSection(SolutionConfigurationPlatforms) = preSolution
		Debug|Any CPU = Debug|Any CPU
		Release|Any CPU = Release|Any CPU
	EndGlobalSection
	GlobalSection(ProjectConfigurationPlatforms) = postSolution
		{43B1386C-9DF5-4168-94B9-F996C683EEC4}.Debug|Any CPU.ActiveCfg = Debug|Any CPU
		{43B1386C-9DF5-4168-94B9-F996C683EEC4}.Debug|Any CPU.Build.0 = Debug|Any CPU
		{43B1386C-9DF5-4168-94B9-F996C683EEC4}.Release|Any CPU.ActiveCfg = Release|Any CPU
		{43B1386C-9DF5-4168-94B9-F996C683EEC4}.Release|Any CPU.Build.0 = Release|Any CPU
		{1D2CF4DE-B890-4CCC-BC58-5816784A372C}.Debug|Any CPU.ActiveCfg = Debug|Any CPU
		{1D2CF4DE-B890-4CCC-BC58-5816784A372C}.Debug|Any CPU.Build.0 = Debug|Any CPU
		{1D2CF4DE-B890-4CCC-BC58-5816784A372C}.Release|Any CPU.ActiveCfg = Release|Any CPU
		{1D2CF4DE-B890-4CCC-BC58-5816784A372C}.Release|Any CPU.Build.0 = Release|Any CPU
	EndGlobalSection
EndGlobal
